
Microsoft Visual Studio Solution File, Format Version 12.00
# Visual Studio Version 17
VisualStudioVersion = 17.6.33829.357
MinimumVisualStudioVersion = 10.0.40219.1
Project("{FAE04EC0-301F-11D3-BF4B-00C04F79EFBC}") = "BridgeDesignPattern", "BridgeDesignPattern\BridgeDesignPattern.csproj", "{F9421667-8254-43B1-8DFF-A9695D6632AB}"
EndProject
Global
	GlobalSection(SolutionConfigurationPlatforms) = preSolution
		Debug|Any CPU = Debug|Any CPU
		Release|Any CPU = Release|Any CPU
	EndGlobalSection
	GlobalSection(ProjectConfigurationPlatforms) = postSolution
		{F9421667-8254-43B1-8DFF-A9695D6632AB}.Debug|Any CPU.ActiveCfg = Debug|Any CPU
		{F9421667-8254-43B1-8DFF-A9695D6632AB}.Debug|Any CPU.Build.0 = Debug|Any CPU
		{F9421667-8254-43B1-8DFF-A9695D6632AB}.Release|Any CPU.ActiveCfg = Release|Any CPU
		{F9421667-8254-43B1-8DFF-A9695D6632AB}.Release|Any CPU.Build.0 = Release|Any CPU
	EndGlobalSection
	GlobalSection(SolutionProperties) = preSolution
		HideSolutionNode = FALSE
	EndGlobalSection
	GlobalSection(ExtensibilityGlobals) = postSolution
		SolutionGuid = {E606A754-01C4-4511-90FD-27E73C047A93}
	EndGlobalSection
EndGlobal
